<Solution>
  <Folder Name="/src/">
    <Project Path="src/ShopSphere.Api/ShopSphere.Api.csproj" />
    <Project Path="src/ShopSphere.Application/ShopSphere.Application.csproj" />
    <Project Path="src/ShopSphere.Domain/ShopSphere.Domain.csproj" />
    <Project Path="src/ShopSphere.Infrastructure/ShopSphere.Infrastructure.csproj" />
  </Folder>
  <Folder Name="/tests/">
    <Project Path="tests/ShopSphere.Application.UnitTests/ShopSphere.Application.UnitTests.csproj" />
    <Project Path="tests/ShopSphere.Domain.UnitTests/ShopSphere.Domain.UnitTests.csproj" />
  </Folder>
</Solution>
